
Microsoft Visual Studio Solution File, Format Version 12.00
# Visual Studio 15
VisualStudioVersion = 15.0.28010.2036
MinimumVisualStudioVersion = 10.0.40219.1
Project("{FAE04EC0-301F-11D3-BF4B-00C04F79EFBC}") = "AI_Ex1", "AI_Ex1\AI_Ex1.csproj", "{18CBF18A-5981-4CF7-9B45-F13E85529EAE}"
EndProject
Global
	GlobalSection(SolutionConfigurationPlatforms) = preSolution
		Debug|Any CPU = Debug|Any CPU
		Release|Any CPU = Release|Any CPU
	EndGlobalSection
	GlobalSection(ProjectConfigurationPlatforms) = postSolution
		{18CBF18A-5981-4CF7-9B45-F13E85529EAE}.Debug|Any CPU.ActiveCfg = Debug|Any CPU
		{18CBF18A-5981-4CF7-9B45-F13E85529EAE}.Debug|Any CPU.Build.0 = Debug|Any CPU
		{18CBF18A-5981-4CF7-9B45-F13E85529EAE}.Release|Any CPU.ActiveCfg = Release|Any CPU
		{18CBF18A-5981-4CF7-9B45-F13E85529EAE}.Release|Any CPU.Build.0 = Release|Any CPU
	EndGlobalSection
	GlobalSection(SolutionProperties) = preSolution
		HideSolutionNode = FALSE
	EndGlobalSection
	GlobalSection(ExtensibilityGlobals) = postSolution
		SolutionGuid = {55A91962-2407-4319-BB3D-1453FE303FE1}
	EndGlobalSection
EndGlobal
